github.com/dgrijalva/jwt-go v3.2.0+incompatible h1:7qlOGliEKZXTDg6OTjfoBKDXWrumCAMpl/TFQ4/5kLM=
github.com/dgrijalva/jwt-go v3.2.0+incompatible/go.mod h1:E3ru+11k8xSBh+hMPgOLZmtrrCbhqsmaPHjLKYnJCaQ=
github.com/gorilla/mux v1.8.0 h1:i40aqfkR1h2SlN9hojwV5ZA91wcXFOvkdNIeFDP5koI=
github.com/gorilla/mux v1.8.0/go.mod h1:DVbg23sWSpFRCP0SfiEN6jmj59UnW/n46BH5rLB71So=
github.com/rs/cors v1.7.0 h1:+88SsELBHx5r+hZ8TCkggzSstaWNbDvThkVK8H6f9ik=
github.com/rs/cors v1.7.0/go.mod h1:gFx+x8UowdsKA9AchylcLynDq+nNFfI8FkUZdN/jGCU=
github.com/spf13/pflag v1.0.5 h1:iy+VFUOCP1a+8yFto/drg2CJ5u0yRoB7fZw3DKv/JXA=
github.com/spf13/pflag v1.0.5/go.mod h1:McXfInJRrz4CZXVZOBLb0bTZqETkiAhM9Iw0y3An2Bg=
github.com/z26100/auth-go v0.0.0-20210128112322-dcbadc46969b h1:RUq54XBbfmQvpqXnjR5pa4ESNvds5LDXiGQ0iKVWzVg=
github.com/z26100/auth-go v0.0.0-20210128112322-dcbadc46969b/go.mod h1:rnIkOQqECq81hFQt2KnqCzDliwbQ/45AxUFvZOqPjJs=
github.com/z26100/log-go v0.0.0-20210128113338-76a01f2e7d70 h1:z72GbYqa+dTlswft/y7bfVbH2gYRFFWOZy5FyCjluQU=
github.com/z26100/log-go v0.0.0-20210128113338-76a01f2e7d70/go.mod h1:JTEXHV2HoJuEzBVHSJJ+2huTiK98s0UJ0zz5u/wuSYU=
github.com/z26100/log-go v0.0.0-20210128130305-05eb9c419311 h1:mEysRhlWfYqxop4hWjKLm9r/pC1R6gkEU9+mRZQc1/E=
github.com/z26100/log-go v0.0.0-20210128130305-05eb9c419311/go.mod h1:JTEXHV2HoJuEzBVHSJJ+2huTiK98s0UJ0zz5u/wuSYU=
github.com/z26100/service-config-go v0.0.0-20210128111851-c4db63466a69 h1:8BDV+rlQXqaL2AB6zY43keix2zxcDY7oszL1wmH6hV8=
github.com/z26100/service-config-go v0.0.0-20210128111851-c4db63466a69/go.mod h1:gqcwTCcAoyZrC8u06CZ5j3XATqLknQV1jDSG3hFLnZU=
github.com/z26100/service-config-go v0.0.0-20210128161928-57baf2de7fca h1:yKDEcQAdjQJ1mmCqlX6LzS2dAOYKR5kVZ/xeapbJZx4=
github.com/z26100/service-config-go v0.0.0-20210128161928-57baf2de7fca/go.mod h1:gqcwTCcAoyZrC8u06CZ5j3XATqLknQV1jDSG3hFLnZU=
gopkg.in/check.v1 v0.0.0-20161208181325-20d25e280405 h1:yhCVgyC4o1eVCa2tZl7eS0r+SDo693bJlVdllGtEeKM=
gopkg.in/check.v1 v0.0.0-20161208181325-20d25e280405/go.mod h1:Co6ibVJAznAaIkqp8huTwlJQCZ016jof/cbN4VW5Yz0=
gopkg.in/yaml.v3 v3.0.0-20210107192922-496545a6307b h1:h8qDotaEPuJATrMmW04NCwg7v22aHH28wwpauUhK9Oo=
gopkg.in/yaml.v3 v3.0.0-20210107192922-496545a6307b/go.mod h1:K4uyk7z7BCEPqu6E+C64Yfv1cQ7kz7rIZviUmN+EgEM=
