github.com/gorilla/mux v1.8.1 h1:TuBL49tXwgrFYWhqrNgrUNEY92u81SPhu7sTdzQEiWY=
github.com/gorilla/mux v1.8.1/go.mod h1:AKf9I4AEqPTmMytcMc0KkNouC66V3BtZ4qD5fmWSiMQ=
github.com/rs/cors v1.11.0 h1:0B9GE/r9Bc2UxRMMtymBkHTenPkHDv0CW4Y98GBY+po=
github.com/rs/cors v1.11.0/go.mod h1:XyqrcTp5zjWr1wsJ8PIRZssZ8b/WMcMf71DJnit4EMU=
github.com/z26100/log-go v0.2.0 h1:Qtv8wd+hCRfU8Y93Y5Y3BAFAG+DRntiI2ua+kQlPJgM=
github.com/z26100/log-go v0.2.0/go.mod h1:y1ErO90X2BwtZdMmOEzOe/wPXDL/WuJeN67W75hRfco=
